
Microsoft Visual Studio Solution File, Format Version 12.00
# Visual Studio 14
VisualStudioVersion = 14.0.25123.0
MinimumVisualStudioVersion = 10.0.40219.1
Project("{D954291E-2A0B-460D-934E-DC6B0785DB48}") = "CompressR.MVC", "src\CompressR.MVC\CompressR.MVC.shproj", "{13E4DCA3-5D4D-4796-B3CF-AD4620E2A2F1}"
EndProject
Project("{FAE04EC0-301F-11D3-BF4B-00C04F79EFBC}") = "CompressR.MVC5", "src\CompressR.MVC5\CompressR.MVC5.csproj", "{256F0ECD-0310-4DE9-8334-31A3D3867925}"
EndProject
Project("{FAE04EC0-301F-11D3-BF4B-00C04F79EFBC}") = "CompressR.MVC4", "src\CompressR.MVC4\CompressR.MVC4.csproj", "{B8889368-E350-4B1E-82F5-EA537D6DA6E9}"
EndProject
Project("{FAE04EC0-301F-11D3-BF4B-00C04F79EFBC}") = "CompressR.WebApi", "src\CompressR.WebApi\CompressR.WebApi.csproj", "{A7545CCD-C684-4A5D-ABFD-ACFD839B9128}"
EndProject
Project("{FAE04EC0-301F-11D3-BF4B-00C04F79EFBC}") = "CompressR.Sample", "src\CompressR.Sample\CompressR.Sample.csproj", "{2FA56DF3-C7B2-4070-B41A-FE328D96961C}"
EndProject
Project("{FAE04EC0-301F-11D3-BF4B-00C04F79EFBC}") = "CompressR", "src\CompressR\CompressR.csproj", "{C94378C3-4AA8-4F49-8720-77D14B62F72E}"
EndProject
Project("{FAE04EC0-301F-11D3-BF4B-00C04F79EFBC}") = "CompressR.MVCUnitTests", "src\CompressR.MVCUnitTests\CompressR.MVCUnitTests.csproj", "{7D7B0A4F-BC7D-4FBE-8B4D-EDD0FDD54D55}"
EndProject
Project("{2150E333-8FDC-42A3-9474-1A3956D46DE8}") = "Solution Items", "Solution Items", "{84E10868-C75C-4FDF-8AE1-465F1593A211}"
	ProjectSection(SolutionItems) = preProject
		appveyor.yml = appveyor.yml
		gulpfile.js = gulpfile.js
	EndProjectSection
EndProject
Project("{FAE04EC0-301F-11D3-BF4B-00C04F79EFBC}") = "CompressR.WebApiUnitTests", "src\CompressR.WebApiUnitTests\CompressR.WebApiUnitTests.csproj", "{61D97564-ACF6-4396-AB96-2D29CDCC3814}"
EndProject
Global
	GlobalSection(SharedMSBuildProjectFiles) = preSolution
		src\CompressR.MVC\CompressR.MVC.projitems*{b8889368-e350-4b1e-82f5-ea537d6da6e9}*SharedItemsImports = 4
		src\CompressR.MVC\CompressR.MVC.projitems*{13e4dca3-5d4d-4796-b3cf-ad4620e2a2f1}*SharedItemsImports = 13
		src\CompressR.MVC\CompressR.MVC.projitems*{256f0ecd-0310-4de9-8334-31a3d3867925}*SharedItemsImports = 4
	EndGlobalSection
	GlobalSection(SolutionConfigurationPlatforms) = preSolution
		Debug|Any CPU = Debug|Any CPU
		Release|Any CPU = Release|Any CPU
	EndGlobalSection
	GlobalSection(ProjectConfigurationPlatforms) = postSolution
		{256F0ECD-0310-4DE9-8334-31A3D3867925}.Debug|Any CPU.ActiveCfg = Debug|Any CPU
		{256F0ECD-0310-4DE9-8334-31A3D3867925}.Debug|Any CPU.Build.0 = Debug|Any CPU
		{256F0ECD-0310-4DE9-8334-31A3D3867925}.Release|Any CPU.ActiveCfg = Release|Any CPU
		{256F0ECD-0310-4DE9-8334-31A3D3867925}.Release|Any CPU.Build.0 = Release|Any CPU
		{B8889368-E350-4B1E-82F5-EA537D6DA6E9}.Debug|Any CPU.ActiveCfg = Debug|Any CPU
		{B8889368-E350-4B1E-82F5-EA537D6DA6E9}.Debug|Any CPU.Build.0 = Debug|Any CPU
		{B8889368-E350-4B1E-82F5-EA537D6DA6E9}.Release|Any CPU.ActiveCfg = Release|Any CPU
		{B8889368-E350-4B1E-82F5-EA537D6DA6E9}.Release|Any CPU.Build.0 = Release|Any CPU
		{A7545CCD-C684-4A5D-ABFD-ACFD839B9128}.Debug|Any CPU.ActiveCfg = Debug|Any CPU
		{A7545CCD-C684-4A5D-ABFD-ACFD839B9128}.Debug|Any CPU.Build.0 = Debug|Any CPU
		{A7545CCD-C684-4A5D-ABFD-ACFD839B9128}.Release|Any CPU.ActiveCfg = Release|Any CPU
		{A7545CCD-C684-4A5D-ABFD-ACFD839B9128}.Release|Any CPU.Build.0 = Release|Any CPU
		{2FA56DF3-C7B2-4070-B41A-FE328D96961C}.Debug|Any CPU.ActiveCfg = Debug|Any CPU
		{2FA56DF3-C7B2-4070-B41A-FE328D96961C}.Debug|Any CPU.Build.0 = Debug|Any CPU
		{2FA56DF3-C7B2-4070-B41A-FE328D96961C}.Release|Any CPU.ActiveCfg = Release|Any CPU
		{2FA56DF3-C7B2-4070-B41A-FE328D96961C}.Release|Any CPU.Build.0 = Release|Any CPU
		{C94378C3-4AA8-4F49-8720-77D14B62F72E}.Debug|Any CPU.ActiveCfg = Debug|Any CPU
		{C94378C3-4AA8-4F49-8720-77D14B62F72E}.Debug|Any CPU.Build.0 = Debug|Any CPU
		{C94378C3-4AA8-4F49-8720-77D14B62F72E}.Release|Any CPU.ActiveCfg = Release|Any CPU
		{C94378C3-4AA8-4F49-8720-77D14B62F72E}.Release|Any CPU.Build.0 = Release|Any CPU
		{7D7B0A4F-BC7D-4FBE-8B4D-EDD0FDD54D55}.Debug|Any CPU.ActiveCfg = Debug|Any CPU
		{7D7B0A4F-BC7D-4FBE-8B4D-EDD0FDD54D55}.Debug|Any CPU.Build.0 = Debug|Any CPU
		{7D7B0A4F-BC7D-4FBE-8B4D-EDD0FDD54D55}.Release|Any CPU.ActiveCfg = Release|Any CPU
		{7D7B0A4F-BC7D-4FBE-8B4D-EDD0FDD54D55}.Release|Any CPU.Build.0 = Release|Any CPU
		{61D97564-ACF6-4396-AB96-2D29CDCC3814}.Debug|Any CPU.ActiveCfg = Debug|Any CPU
		{61D97564-ACF6-4396-AB96-2D29CDCC3814}.Debug|Any CPU.Build.0 = Debug|Any CPU
		{61D97564-ACF6-4396-AB96-2D29CDCC3814}.Release|Any CPU.ActiveCfg = Release|Any CPU
		{61D97564-ACF6-4396-AB96-2D29CDCC3814}.Release|Any CPU.Build.0 = Release|Any CPU
	EndGlobalSection
	GlobalSection(SolutionProperties) = preSolution
		HideSolutionNode = FALSE
	EndGlobalSection
EndGlobal
